
Microsoft Visual Studio Solution File, Format Version 12.00
# Visual Studio Version 16
VisualStudioVersion = 16.0.31829.152
MinimumVisualStudioVersion = 10.0.40219.1
Project("{9A19103F-16F7-4668-BE54-9A1E7A4F7556}") = "AiWAR", "AiWAR\AiWAR.csproj", "{C09E9D32-1097-40C9-8BEA-5990C70B936D}"
EndProject
Global
	GlobalSection(SolutionConfigurationPlatforms) = preSolution
		Debug|Any CPU = Debug|Any CPU
		Release|Any CPU = Release|Any CPU
	EndGlobalSection
	GlobalSection(ProjectConfigurationPlatforms) = postSolution
		{C09E9D32-1097-40C9-8BEA-5990C70B936D}.Debug|Any CPU.ActiveCfg = Debug|Any CPU
		{C09E9D32-1097-40C9-8BEA-5990C70B936D}.Debug|Any CPU.Build.0 = Debug|Any CPU
		{C09E9D32-1097-40C9-8BEA-5990C70B936D}.Release|Any CPU.ActiveCfg = Release|Any CPU
		{C09E9D32-1097-40C9-8BEA-5990C70B936D}.Release|Any CPU.Build.0 = Release|Any CPU
	EndGlobalSection
	GlobalSection(SolutionProperties) = preSolution
		HideSolutionNode = FALSE
	EndGlobalSection
	GlobalSection(ExtensibilityGlobals) = postSolution
		SolutionGuid = {4FBD71EB-A8E4-4F57-8503-5862C4CA1B8D}
	EndGlobalSection
EndGlobal
